// !$*UTF8*$!
{
	archiveVersion = 1;
	classes = {
	};
	objectVersion = 56;
	objects = {

/* Begin PBXBuildFile section */
		BA5332F92BB5DE2C0040E721 /* ReduxApp.swift in Sources */ = {isa = PBXBuildFile; fileRef = BA5332F82BB5DE2C0040E721 /* ReduxApp.swift */; };
		BA5332FB2BB5DE2C0040E721 /* ContentView.swift in Sources */ = {isa = PBXBuildFile; fileRef = BA5332FA2BB5DE2C0040E721 /* ContentView.swift */; };
		BA5332FD2BB5DE2D0040E721 /* Assets.xcassets in Resources */ = {isa = PBXBuildFile; fileRef = BA5332FC2BB5DE2D0040E721 /* Assets.xcassets */; };
		BA5333012BB5DE2D0040E721 /* Preview Assets.xcassets in Resources */ = {isa = PBXBuildFile; fileRef = BA5333002BB5DE2D0040E721 /* Preview Assets.xcassets */; };
		BA53330B2BB5DE2D0040E721 /* ReduxTests.swift in Sources */ = {isa = PBXBuildFile; fileRef = BA53330A2BB5DE2D0040E721 /* ReduxTests.swift */; };
		BA5333152BB5DE2D0040E721 /* ReduxUITests.swift in Sources */ = {isa = PBXBuildFile; fileRef = BA5333142BB5DE2D0040E721 /* ReduxUITests.swift */; };
		BA5333172BB5DE2D0040E721 /* ReduxUITestsLaunchTests.swift in Sources */ = {isa = PBXBuildFile; fileRef = BA5333162BB5DE2D0040E721 /* ReduxUITestsLaunchTests.swift */; };
/* End PBXBuildFile section */

/* Begin PBXContainerItemProxy section */
		BA5333072BB5DE2D0040E721 /* PBXContainerItemProxy */ = {
			isa = PBXContainerItemProxy;
			containerPortal = BA5332ED2BB5DE2C0040E721 /* Project object */;
			proxyType = 1;
			remoteGlobalIDString = BA5332F42BB5DE2C0040E721;
			remoteInfo = Redux;
		};
		BA5333112BB5DE2D0040E721 /* PBXContainerItemProxy */ = {
			isa = PBXContainerItemProxy;
			containerPortal = BA5332ED2BB5DE2C0040E721 /* Project object */;
			proxyType = 1;
			remoteGlobalIDString = BA5332F42BB5DE2C0040E721;
			remoteInfo = Redux;
		};
/* End PBXContainerItemProxy section */

/* Begin PBXFileReference section */
		BA5332F52BB5DE2C0040E721 /* Redux.app */ = {isa = PBXFileReference; explicitFileType = wrapper.application; includeInIndex = 0; path = Redux.app; sourceTree = BUILT_PRODUCTS_DIR; };
		BA5332F82BB5DE2C0040E721 /* ReduxApp.swift */ = {isa = PBXFileReference; lastKnownFileType = sourcecode.swift; path = ReduxApp.swift; sourceTree = "<group>"; };
		BA5332FA2BB5DE2C0040E721 /* ContentView.swift */ = {isa = PBXFileReference; lastKnownFileType = sourcecode.swift; path = ContentView.swift; sourceTree = "<group>"; };
		BA5332FC2BB5DE2D0040E721 /* Assets.xcassets */ = {isa = PBXFileReference; lastKnownFileType = folder.assetcatalog; path = Assets.xcassets; sourceTree = "<group>"; };
		BA5332FE2BB5DE2D0040E721 /* Redux.entitlements */ = {isa = PBXFileReference; lastKnownFileType = text.plist.entitlements; path = Redux.entitlements; sourceTree = "<group>"; };
		BA5333002BB5DE2D0040E721 /* Preview Assets.xcassets */ = {isa = PBXFileReference; lastKnownFileType = folder.assetcatalog; path = "Preview Assets.xcassets"; sourceTree = "<group>"; };
		BA5333062BB5DE2D0040E721 /* ReduxTests.xctest */ = {isa = PBXFileReference; explicitFileType = wrapper.cfbundle; includeInIndex = 0; path = ReduxTests.xctest; sourceTree = BUILT_PRODUCTS_DIR; };
		BA53330A2BB5DE2D0040E721 /* ReduxTests.swift */ = {isa = PBXFileReference; lastKnownFileType = sourcecode.swift; path = ReduxTests.swift; sourceTree = "<group>"; };
		BA5333102BB5DE2D0040E721 /* ReduxUITests.xctest */ = {isa = PBXFileReference; explicitFileType = wrapper.cfbundle; includeInIndex = 0; path = ReduxUITests.xctest; sourceTree = BUILT_PRODUCTS_DIR; };
		BA5333142BB5DE2D0040E721 /* ReduxUITests.swift */ = {isa = PBXFileReference; lastKnownFileType = sourcecode.swift; path = ReduxUITests.swift; sourceTree = "<group>"; };
		BA5333162BB5DE2D0040E721 /* ReduxUITestsLaunchTests.swift */ = {isa = PBXFileReference; lastKnownFileType = sourcecode.swift; path = ReduxUITestsLaunchTests.swift; sourceTree = "<group>"; };
/* End PBXFileReference section */

/* Begin PBXFrameworksBuildPhase section */
		BA5332F22BB5DE2C0040E721 /* Frameworks */ = {
			isa = PBXFrameworksBuildPhase;
			buildActionMask = 2147483647;
			files = (
			);
			runOnlyForDeploymentPostprocessing = 0;
		};
		BA5333032BB5DE2D0040E721 /* Frameworks */ = {
			isa = PBXFrameworksBuildPhase;
			buildActionMask = 2147483647;
			files = (
			);
			runOnlyForDeploymentPostprocessing = 0;
		};
		BA53330D2BB5DE2D0040E721 /* Frameworks */ = {
			isa = PBXFrameworksBuildPhase;
			buildActionMask = 2147483647;
			files = (
			);
			runOnlyForDeploymentPostprocessing = 0;
		};
/* End PBXFrameworksBuildPhase section */

/* Begin PBXGroup section */
		BA5332EC2BB5DE2C0040E721 = {
			isa = PBXGroup;
			children = (
				BA5332F72BB5DE2C0040E721 /* Redux */,
				BA5333092BB5DE2D0040E721 /* ReduxTests */,
				BA5333132BB5DE2D0040E721 /* ReduxUITests */,
				BA5332F62BB5DE2C0040E721 /* Products */,
			);
			sourceTree = "<group>";
		};
		BA5332F62BB5DE2C0040E721 /* Products */ = {
			isa = PBXGroup;
			children = (
				BA5332F52BB5DE2C0040E721 /* Redux.app */,
				BA5333062BB5DE2D0040E721 /* ReduxTests.xctest */,
				BA5333102BB5DE2D0040E721 /* ReduxUITests.xctest */,
			);
			name = Products;
			sourceTree = "<group>";
		};
		BA5332F72BB5DE2C0040E721 /* Redux */ = {
			isa = PBXGroup;
			children = (
				BA5332F82BB5DE2C0040E721 /* ReduxApp.swift */,
				BA5332FA2BB5DE2C0040E721 /* ContentView.swift */,
				BA5332FC2BB5DE2D0040E721 /* Assets.xcassets */,
				BA5332FE2BB5DE2D0040E721 /* Redux.entitlements */,
				BA5332FF2BB5DE2D0040E721 /* Preview Content */,
			);
			path = Redux;
			sourceTree = "<group>";
		};
		BA5332FF2BB5DE2D0040E721 /* Preview Content */ = {
			isa = PBXGroup;
			children = (
				BA5333002BB5DE2D0040E721 /* Preview Assets.xcassets */,
			);
			path = "Preview Content";
			sourceTree = "<group>";
		};
		BA5333092BB5DE2D0040E721 /* ReduxTests */ = {
			isa = PBXGroup;
			children = (
				BA53330A2BB5DE2D0040E721 /* ReduxTests.swift */,
			);
			path = ReduxTests;
			sourceTree = "<group>";
		};
		BA5333132BB5DE2D0040E721 /* ReduxUITests */ = {
			isa = PBXGroup;
			children = (
				BA5333142BB5DE2D0040E721 /* ReduxUITests.swift */,
				BA5333162BB5DE2D0040E721 /* ReduxUITestsLaunchTests.swift */,
			);
			path = ReduxUITests;
			sourceTree = "<group>";
		};
/* End PBXGroup section */

/* Begin PBXNativeTarget section */
		BA5332F42BB5DE2C0040E721 /* Redux */ = {
			isa = PBXNativeTarget;
			buildConfigurationList = BA53331A2BB5DE2D0040E721 /* Build configuration list for PBXNativeTarget "Redux" */;
			buildPhases = (
				BA5332F12BB5DE2C0040E721 /* Sources */,
				BA5332F22BB5DE2C0040E721 /* Frameworks */,
				BA5332F32BB5DE2C0040E721 /* Resources */,
			);
			buildRules = (
			);
			dependencies = (
			);
			name = Redux;
			productName = Redux;
			productReference = BA5332F52BB5DE2C0040E721 /* Redux.app */;
			productType = "com.apple.product-type.application";
		};
		BA5333052BB5DE2D0040E721 /* ReduxTests */ = {
			isa = PBXNativeTarget;
			buildConfigurationList = BA53331D2BB5DE2D0040E721 /* Build configuration list for PBXNativeTarget "ReduxTests" */;
			buildPhases = (
				BA5333022BB5DE2D0040E721 /* Sources */,
				BA5333032BB5DE2D0040E721 /* Frameworks */,
				BA5333042BB5DE2D0040E721 /* Resources */,
			);
			buildRules = (
			);
			dependencies = (
				BA5333082BB5DE2D0040E721 /* PBXTargetDependency */,
			);
			name = ReduxTests;
			productName = ReduxTests;
			productReference = BA5333062BB5DE2D0040E721 /* ReduxTests.xctest */;
			productType = "com.apple.product-type.bundle.unit-test";
		};
		BA53330F2BB5DE2D0040E721 /* ReduxUITests */ = {
			isa = PBXNativeTarget;
			buildConfigurationList = BA5333202BB5DE2D0040E721 /* Build configuration list for PBXNativeTarget "ReduxUITests" */;
			buildPhases = (
				BA53330C2BB5DE2D0040E721 /* Sources */,
				BA53330D2BB5DE2D0040E721 /* Frameworks */,
				BA53330E2BB5DE2D0040E721 /* Resources */,
			);
			buildRules = (
			);
			dependencies = (
				BA5333122BB5DE2D0040E721 /* PBXTargetDependency */,
			);
			name = ReduxUITests;
			productName = ReduxUITests;
			productReference = BA5333102BB5DE2D0040E721 /* ReduxUITests.xctest */;
			productType = "com.apple.product-type.bundle.ui-testing";
		};
/* End PBXNativeTarget section */

/* Begin PBXProject section */
		BA5332ED2BB5DE2C0040E721 /* Project object */ = {
			isa = PBXProject;
			attributes = {
				BuildIndependentTargetsInParallel = 1;
				LastSwiftUpdateCheck = 1520;
				LastUpgradeCheck = 1520;
				TargetAttributes = {
					BA5332F42BB5DE2C0040E721 = {
						CreatedOnToolsVersion = 15.2;
					};
					BA5333052BB5DE2D0040E721 = {
						CreatedOnToolsVersion = 15.2;
						TestTargetID = BA5332F42BB5DE2C0040E721;
					};
					BA53330F2BB5DE2D0040E721 = {
						CreatedOnToolsVersion = 15.2;
						TestTargetID = BA5332F42BB5DE2C0040E721;
					};
				};
			};
			buildConfigurationList = BA5332F02BB5DE2C0040E721 /* Build configuration list for PBXProject "Redux" */;
			compatibilityVersion = "Xcode 14.0";
			developmentRegion = en;
			hasScannedForEncodings = 0;
			knownRegions = (
				en,
				Base,
			);
			mainGroup = BA5332EC2BB5DE2C0040E721;
			productRefGroup = BA5332F62BB5DE2C0040E721 /* Products */;
			projectDirPath = "";
			projectRoot = "";
			targets = (
				BA5332F42BB5DE2C0040E721 /* Redux */,
				BA5333052BB5DE2D0040E721 /* ReduxTests */,
				BA53330F2BB5DE2D0040E721 /* ReduxUITests */,
			);
		};
/* End PBXProject section */

/* Begin PBXResourcesBuildPhase section */
		BA5332F32BB5DE2C0040E721 /* Resources */ = {
			isa = PBXResourcesBuildPhase;
			buildActionMask = 2147483647;
			files = (
				BA5333012BB5DE2D0040E721 /* Preview Assets.xcassets in Resources */,
				BA5332FD2BB5DE2D0040E721 /* Assets.xcassets in Resources */,
			);
			runOnlyForDeploymentPostprocessing = 0;
		};
		BA5333042BB5DE2D0040E721 /* Resources */ = {
			isa = PBXResourcesBuildPhase;
			buildActionMask = 2147483647;
			files = (
			);
			runOnlyForDeploymentPostprocessing = 0;
		};
		BA53330E2BB5DE2D0040E721 /* Resources */ = {
			isa = PBXResourcesBuildPhase;
			buildActionMask = 2147483647;
			files = (
			);
			runOnlyForDeploymentPostprocessing = 0;
		};
/* End PBXResourcesBuildPhase section */

/* Begin PBXSourcesBuildPhase section */
		BA5332F12BB5DE2C0040E721 /* Sources */ = {
			isa = PBXSourcesBuildPhase;
			buildActionMask = 2147483647;
			files = (
				BA5332FB2BB5DE2C0040E721 /* ContentView.swift in Sources */,
				BA5332F92BB5DE2C0040E721 /* ReduxApp.swift in Sources */,
			);
			runOnlyForDeploymentPostprocessing = 0;
		};
		BA5333022BB5DE2D0040E721 /* Sources */ = {
			isa = PBXSourcesBuildPhase;
			buildActionMask = 2147483647;
			files = (
				BA53330B2BB5DE2D0040E721 /* ReduxTests.swift in Sources */,
			);
			runOnlyForDeploymentPostprocessing = 0;
		};
		BA53330C2BB5DE2D0040E721 /* Sources */ = {
			isa = PBXSourcesBuildPhase;
			buildActionMask = 2147483647;
			files = (
				BA5333152BB5DE2D0040E721 /* ReduxUITests.swift in Sources */,
				BA5333172BB5DE2D0040E721 /* ReduxUITestsLaunchTests.swift in Sources */,
			);
			runOnlyForDeploymentPostprocessing = 0;
		};
/* End PBXSourcesBuildPhase section */

/* Begin PBXTargetDependency section */
		BA5333082BB5DE2D0040E721 /* PBXTargetDependency */ = {
			isa = PBXTargetDependency;
			target = BA5332F42BB5DE2C0040E721 /* Redux */;
			targetProxy = BA5333072BB5DE2D0040E721 /* PBXContainerItemProxy */;
		};
		BA5333122BB5DE2D0040E721 /* PBXTargetDependency */ = {
			isa = PBXTargetDependency;
			target = BA5332F42BB5DE2C0040E721 /* Redux */;
			targetProxy = BA5333112BB5DE2D0040E721 /* PBXContainerItemProxy */;
		};
/* End PBXTargetDependency section */

/* Begin XCBuildConfiguration section */
		BA5333182BB5DE2D0040E721 /* Debug */ = {
			isa = XCBuildConfiguration;
			buildSettings = {
				ALWAYS_SEARCH_USER_PATHS = NO;
				ASSETCATALOG_COMPILER_GENERATE_SWIFT_ASSET_SYMBOL_EXTENSIONS = YES;
				CLANG_ANALYZER_NONNULL = YES;
				CLANG_ANALYZER_NUMBER_OBJECT_CONVERSION = YES_AGGRESSIVE;
				CLANG_CXX_LANGUAGE_STANDARD = "gnu++20";
				CLANG_ENABLE_MODULES = YES;
				CLANG_ENABLE_OBJC_ARC = YES;
				CLANG_ENABLE_OBJC_WEAK = YES;
				CLANG_WARN_BLOCK_CAPTURE_AUTORELEASING = YES;
				CLANG_WARN_BOOL_CONVERSION = YES;
				CLANG_WARN_COMMA = YES;
				CLANG_WARN_CONSTANT_CONVERSION = YES;
				CLANG_WARN_DEPRECATED_OBJC_IMPLEMENTATIONS = YES;
				CLANG_WARN_DIRECT_OBJC_ISA_USAGE = YES_ERROR;
				CLANG_WARN_DOCUMENTATION_COMMENTS = YES;
				CLANG_WARN_EMPTY_BODY = YES;
				CLANG_WARN_ENUM_CONVERSION = YES;
				CLANG_WARN_INFINITE_RECURSION = YES;
				CLANG_WARN_INT_CONVERSION = YES;
				CLANG_WARN_NON_LITERAL_NULL_CONVERSION = YES;
				CLANG_WARN_OBJC_IMPLICIT_RETAIN_SELF = YES;
				CLANG_WARN_OBJC_LITERAL_CONVERSION = YES;
				CLANG_WARN_OBJC_ROOT_CLASS = YES_ERROR;
				CLANG_WARN_QUOTED_INCLUDE_IN_FRAMEWORK_HEADER = YES;
				CLANG_WARN_RANGE_LOOP_ANALYSIS = YES;
				CLANG_WARN_STRICT_PROTOTYPES = YES;
				CLANG_WARN_SUSPICIOUS_MOVE = YES;
				CLANG_WARN_UNGUARDED_AVAILABILITY = YES_AGGRESSIVE;
				CLANG_WARN_UNREACHABLE_CODE = YES;
				CLANG_WARN__DUPLICATE_METHOD_MATCH = YES;
				COPY_PHASE_STRIP = NO;
				DEBUG_INFORMATION_FORMAT = dwarf;
				ENABLE_STRICT_OBJC_MSGSEND = YES;
				ENABLE_TESTABILITY = YES;
				ENABLE_USER_SCRIPT_SANDBOXING = YES;
				GCC_C_LANGUAGE_STANDARD = gnu17;
				GCC_DYNAMIC_NO_PIC = NO;
				GCC_NO_COMMON_BLOCKS = YES;
				GCC_OPTIMIZATION_LEVEL = 0;
				GCC_PREPROCESSOR_DEFINITIONS = (
					"DEBUG=1",
					"$(inherited)",
				);
				GCC_WARN_64_TO_32_BIT_CONVERSION = YES;
				GCC_WARN_ABOUT_RETURN_TYPE = YES_ERROR;
				GCC_WARN_UNDECLARED_SELECTOR = YES;
				GCC_WARN_UNINITIALIZED_AUTOS = YES_AGGRESSIVE;
				GCC_WARN_UNUSED_FUNCTION = YES;
				GCC_WARN_UNUSED_VARIABLE = YES;
				LOCALIZATION_PREFERS_STRING_CATALOGS = YES;
				MTL_ENABLE_DEBUG_INFO = INCLUDE_SOURCE;
				MTL_FAST_MATH = YES;
				ONLY_ACTIVE_ARCH = YES;
				SWIFT_ACTIVE_COMPILATION_CONDITIONS = "DEBUG $(inherited)";
				SWIFT_OPTIMIZATION_LEVEL = "-Onone";
			};
			name = Debug;
		};
		BA5333192BB5DE2D0040E721 /* Release */ = {
			isa = XCBuildConfiguration;
			buildSettings = {
				ALWAYS_SEARCH_USER_PATHS = NO;
				ASSETCATALOG_COMPILER_GENERATE_SWIFT_ASSET_SYMBOL_EXTENSIONS = YES;
				CLANG_ANALYZER_NONNULL = YES;
				CLANG_ANALYZER_NUMBER_OBJECT_CONVERSION = YES_AGGRESSIVE;
				CLANG_CXX_LANGUAGE_STANDARD = "gnu++20";
				CLANG_ENABLE_MODULES = YES;
				CLANG_ENABLE_OBJC_ARC = YES;
				CLANG_ENABLE_OBJC_WEAK = YES;
				CLANG_WARN_BLOCK_CAPTURE_AUTORELEASING = YES;
				CLANG_WARN_BOOL_CONVERSION = YES;
				CLANG_WARN_COMMA = YES;
				CLANG_WARN_CONSTANT_CONVERSION = YES;
				CLANG_WARN_DEPRECATED_OBJC_IMPLEMENTATIONS = YES;
				CLANG_WARN_DIRECT_OBJC_ISA_USAGE = YES_ERROR;
				CLANG_WARN_DOCUMENTATION_COMMENTS = YES;
				CLANG_WARN_EMPTY_BODY = YES;
				CLANG_WARN_ENUM_CONVERSION = YES;
				CLANG_WARN_INFINITE_RECURSION = YES;
				CLANG_WARN_INT_CONVERSION = YES;
				CLANG_WARN_NON_LITERAL_NULL_CONVERSION = YES;
				CLANG_WARN_OBJC_IMPLICIT_RETAIN_SELF = YES;
				CLANG_WARN_OBJC_LITERAL_CONVERSION = YES;
				CLANG_WARN_OBJC_ROOT_CLASS = YES_ERROR;
				CLANG_WARN_QUOTED_INCLUDE_IN_FRAMEWORK_HEADER = YES;
				CLANG_WARN_RANGE_LOOP_ANALYSIS = YES;
				CLANG_WARN_STRICT_PROTOTYPES = YES;
				CLANG_WARN_SUSPICIOUS_MOVE = YES;
				CLANG_WARN_UNGUARDED_AVAILABILITY = YES_AGGRESSIVE;
				CLANG_WARN_UNREACHABLE_CODE = YES;
				CLANG_WARN__DUPLICATE_METHOD_MATCH = YES;
				COPY_PHASE_STRIP = NO;
				DEBUG_INFORMATION_FORMAT = "dwarf-with-dsym";
				ENABLE_NS_ASSERTIONS = NO;
				ENABLE_STRICT_OBJC_MSGSEND = YES;
				ENABLE_USER_SCRIPT_SANDBOXING = YES;
				GCC_C_LANGUAGE_STANDARD = gnu17;
				GCC_NO_COMMON_BLOCKS = YES;
				GCC_WARN_64_TO_32_BIT_CONVERSION = YES;
				GCC_WARN_ABOUT_RETURN_TYPE = YES_ERROR;
				GCC_WARN_UNDECLARED_SELECTOR = YES;
				GCC_WARN_UNINITIALIZED_AUTOS = YES_AGGRESSIVE;
				GCC_WARN_UNUSED_FUNCTION = YES;
				GCC_WARN_UNUSED_VARIABLE = YES;
				LOCALIZATION_PREFERS_STRING_CATALOGS = YES;
				MTL_ENABLE_DEBUG_INFO = NO;
				MTL_FAST_MATH = YES;
				SWIFT_COMPILATION_MODE = wholemodule;
			};
			name = Release;
		};
		BA53331B2BB5DE2D0040E721 /* Debug */ = {
			isa = XCBuildConfiguration;
			buildSettings = {
				ASSETCATALOG_COMPILER_APPICON_NAME = AppIcon;
				ASSETCATALOG_COMPILER_GLOBAL_ACCENT_COLOR_NAME = AccentColor;
				CODE_SIGN_ENTITLEMENTS = Redux/Redux.entitlements;
				CODE_SIGN_STYLE = Automatic;
				CURRENT_PROJECT_VERSION = 1;
				DEVELOPMENT_ASSET_PATHS = "\"Redux/Preview Content\"";
				DEVELOPMENT_TEAM = 42S7J6AXED;
				ENABLE_HARDENED_RUNTIME = YES;
				ENABLE_PREVIEWS = YES;
				GENERATE_INFOPLIST_FILE = YES;
				"INFOPLIST_KEY_UIApplicationSceneManifest_Generation[sdk=iphoneos*]" = YES;
				"INFOPLIST_KEY_UIApplicationSceneManifest_Generation[sdk=iphonesimulator*]" = YES;
				"INFOPLIST_KEY_UIApplicationSupportsIndirectInputEvents[sdk=iphoneos*]" = YES;
				"INFOPLIST_KEY_UIApplicationSupportsIndirectInputEvents[sdk=iphonesimulator*]" = YES;
				"INFOPLIST_KEY_UILaunchScreen_Generation[sdk=iphoneos*]" = YES;
				"INFOPLIST_KEY_UILaunchScreen_Generation[sdk=iphonesimulator*]" = YES;
				"INFOPLIST_KEY_UIStatusBarStyle[sdk=iphoneos*]" = UIStatusBarStyleDefault;
				"INFOPLIST_KEY_UIStatusBarStyle[sdk=iphonesimulator*]" = UIStatusBarStyleDefault;
				INFOPLIST_KEY_UISupportedInterfaceOrientations_iPad = "UIInterfaceOrientationPortrait UIInterfaceOrientationPortraitUpsideDown UIInterfaceOrientationLandscapeLeft UIInterfaceOrientationLandscapeRight";
				INFOPLIST_KEY_UISupportedInterfaceOrientations_iPhone = "UIInterfaceOrientationPortrait UIInterfaceOrientationLandscapeLeft UIInterfaceOrientationLandscapeRight";
				IPHONEOS_DEPLOYMENT_TARGET = 17.2;
				LD_RUNPATH_SEARCH_PATHS = "@executable_path/Frameworks";
				"LD_RUNPATH_SEARCH_PATHS[sdk=macosx*]" = "@executable_path/../Frameworks";
				MACOSX_DEPLOYMENT_TARGET = 14.2;
				MARKETING_VERSION = 1.0;
				PRODUCT_BUNDLE_IDENTIFIER = com.shuzik.Redux;
				PRODUCT_NAME = "$(TARGET_NAME)";
				SDKROOT = auto;
				SUPPORTED_PLATFORMS = "iphoneos iphonesimulator macosx";
				SWIFT_EMIT_LOC_STRINGS = YES;
				SWIFT_VERSION = 5.0;
				TARGETED_DEVICE_FAMILY = "1,2";
			};
			name = Debug;
		};
		BA53331C2BB5DE2D0040E721 /* Release */ = {
			isa = XCBuildConfiguration;
			buildSettings = {
				ASSETCATALOG_COMPILER_APPICON_NAME = AppIcon;
				ASSETCATALOG_COMPILER_GLOBAL_ACCENT_COLOR_NAME = AccentColor;
				CODE_SIGN_ENTITLEMENTS = Redux/Redux.entitlements;
				CODE_SIGN_STYLE = Automatic;
				CURRENT_PROJECT_VERSION = 1;
				DEVELOPMENT_ASSET_PATHS = "\"Redux/Preview Content\"";
				DEVELOPMENT_TEAM = 42S7J6AXED;
				ENABLE_HARDENED_RUNTIME = YES;
				ENABLE_PREVIEWS = YES;
				GENERATE_INFOPLIST_FILE = YES;
				"INFOPLIST_KEY_UIApplicationSceneManifest_Generation[sdk=iphoneos*]" = YES;
				"INFOPLIST_KEY_UIApplicationSceneManifest_Generation[sdk=iphonesimulator*]" = YES;
				"INFOPLIST_KEY_UIApplicationSupportsIndirectInputEvents[sdk=iphoneos*]" = YES;
				"INFOPLIST_KEY_UIApplicationSupportsIndirectInputEvents[sdk=iphonesimulator*]" = YES;
				"INFOPLIST_KEY_UILaunchScreen_Generation[sdk=iphoneos*]" = YES;
				"INFOPLIST_KEY_UILaunchScreen_Generation[sdk=iphonesimulator*]" = YES;
				"INFOPLIST_KEY_UIStatusBarStyle[sdk=iphoneos*]" = UIStatusBarStyleDefault;
				"INFOPLIST_KEY_UIStatusBarStyle[sdk=iphonesimulator*]" = UIStatusBarStyleDefault;
				INFOPLIST_KEY_UISupportedInterfaceOrientations_iPad = "UIInterfaceOrientationPortrait UIInterfaceOrientationPortraitUpsideDown UIInterfaceOrientationLandscapeLeft UIInterfaceOrientationLandscapeRight";
				INFOPLIST_KEY_UISupportedInterfaceOrientations_iPhone = "UIInterfaceOrientationPortrait UIInterfaceOrientationLandscapeLeft UIInterfaceOrientationLandscapeRight";
				IPHONEOS_DEPLOYMENT_TARGET = 17.2;
				LD_RUNPATH_SEARCH_PATHS = "@executable_path/Frameworks";
				"LD_RUNPATH_SEARCH_PATHS[sdk=macosx*]" = "@executable_path/../Frameworks";
				MACOSX_DEPLOYMENT_TARGET = 14.2;
				MARKETING_VERSION = 1.0;
				PRODUCT_BUNDLE_IDENTIFIER = com.shuzik.Redux;
				PRODUCT_NAME = "$(TARGET_NAME)";
				SDKROOT = auto;
				SUPPORTED_PLATFORMS = "iphoneos iphonesimulator macosx";
				SWIFT_EMIT_LOC_STRINGS = YES;
				SWIFT_VERSION = 5.0;
				TARGETED_DEVICE_FAMILY = "1,2";
			};
			name = Release;
		};
		BA53331E2BB5DE2D0040E721 /* Debug */ = {
			isa = XCBuildConfiguration;
			buildSettings = {
				ALWAYS_EMBED_SWIFT_STANDARD_LIBRARIES = YES;
				BUNDLE_LOADER = "$(TEST_HOST)";
				CODE_SIGN_STYLE = Automatic;
				CURRENT_PROJECT_VERSION = 1;
				DEVELOPMENT_TEAM = 42S7J6AXED;
				GENERATE_INFOPLIST_FILE = YES;
				IPHONEOS_DEPLOYMENT_TARGET = 17.2;
				MACOSX_DEPLOYMENT_TARGET = 14.2;
				MARKETING_VERSION = 1.0;
				PRODUCT_BUNDLE_IDENTIFIER = com.shuzik.ReduxTests;
				PRODUCT_NAME = "$(TARGET_NAME)";
				SDKROOT = auto;
				SUPPORTED_PLATFORMS = "iphoneos iphonesimulator macosx";
				SWIFT_EMIT_LOC_STRINGS = NO;
				SWIFT_VERSION = 5.0;
				TARGETED_DEVICE_FAMILY = "1,2";
				TEST_HOST = "$(BUILT_PRODUCTS_DIR)/Redux.app/$(BUNDLE_EXECUTABLE_FOLDER_PATH)/Redux";
			};
			name = Debug;
		};
		BA53331F2BB5DE2D0040E721 /* Release */ = {
			isa = XCBuildConfiguration;
			buildSettings = {
				ALWAYS_EMBED_SWIFT_STANDARD_LIBRARIES = YES;
				BUNDLE_LOADER = "$(TEST_HOST)";
				CODE_SIGN_STYLE = Automatic;
				CURRENT_PROJECT_VERSION = 1;
				DEVELOPMENT_TEAM = 42S7J6AXED;
				GENERATE_INFOPLIST_FILE = YES;
				IPHONEOS_DEPLOYMENT_TARGET = 17.2;
				MACOSX_DEPLOYMENT_TARGET = 14.2;
				MARKETING_VERSION = 1.0;
				PRODUCT_BUNDLE_IDENTIFIER = com.shuzik.ReduxTests;
				PRODUCT_NAME = "$(TARGET_NAME)";
				SDKROOT = auto;
				SUPPORTED_PLATFORMS = "iphoneos iphonesimulator macosx";
				SWIFT_EMIT_LOC_STRINGS = NO;
				SWIFT_VERSION = 5.0;
				TARGETED_DEVICE_FAMILY = "1,2";
				TEST_HOST = "$(BUILT_PRODUCTS_DIR)/Redux.app/$(BUNDLE_EXECUTABLE_FOLDER_PATH)/Redux";
			};
			name = Release;
		};
		BA5333212BB5DE2D0040E721 /* Debug */ = {
			isa = XCBuildConfiguration;
			buildSettings = {
				ALWAYS_EMBED_SWIFT_STANDARD_LIBRARIES = YES;
				CODE_SIGN_STYLE = Automatic;
				CURRENT_PROJECT_VERSION = 1;
				DEVELOPMENT_TEAM = 42S7J6AXED;
				GENERATE_INFOPLIST_FILE = YES;
				IPHONEOS_DEPLOYMENT_TARGET = 17.2;
				MACOSX_DEPLOYMENT_TARGET = 14.2;
				MARKETING_VERSION = 1.0;
				PRODUCT_BUNDLE_IDENTIFIER = com.shuzik.ReduxUITests;
				PRODUCT_NAME = "$(TARGET_NAME)";
				SDKROOT = auto;
				SUPPORTED_PLATFORMS = "iphoneos iphonesimulator macosx";
				SWIFT_EMIT_LOC_STRINGS = NO;
				SWIFT_VERSION = 5.0;
				TARGETED_DEVICE_FAMILY = "1,2";
				TEST_TARGET_NAME = Redux;
			};
			name = Debug;
		};
		BA5333222BB5DE2D0040E721 /* Release */ = {
			isa = XCBuildConfiguration;
			buildSettings = {
				ALWAYS_EMBED_SWIFT_STANDARD_LIBRARIES = YES;
				CODE_SIGN_STYLE = Automatic;
				CURRENT_PROJECT_VERSION = 1;
				DEVELOPMENT_TEAM = 42S7J6AXED;
				GENERATE_INFOPLIST_FILE = YES;
				IPHONEOS_DEPLOYMENT_TARGET = 17.2;
				MACOSX_DEPLOYMENT_TARGET = 14.2;
				MARKETING_VERSION = 1.0;
				PRODUCT_BUNDLE_IDENTIFIER = com.shuzik.ReduxUITests;
				PRODUCT_NAME = "$(TARGET_NAME)";
				SDKROOT = auto;
				SUPPORTED_PLATFORMS = "iphoneos iphonesimulator macosx";
				SWIFT_EMIT_LOC_STRINGS = NO;
				SWIFT_VERSION = 5.0;
				TARGETED_DEVICE_FAMILY = "1,2";
				TEST_TARGET_NAME = Redux;
			};
			name = Release;
		};
/* End XCBuildConfiguration section */

/* Begin XCConfigurationList section */
		BA5332F02BB5DE2C0040E721 /* Build configuration list for PBXProject "Redux" */ = {
			isa = XCConfigurationList;
			buildConfigurations = (
				BA5333182BB5DE2D0040E721 /* Debug */,
				BA5333192BB5DE2D0040E721 /* Release */,
			);
			defaultConfigurationIsVisible = 0;
			defaultConfigurationName = Release;
		};
		BA53331A2BB5DE2D0040E721 /* Build configuration list for PBXNativeTarget "Redux" */ = {
			isa = XCConfigurationList;
			buildConfigurations = (
				BA53331B2BB5DE2D0040E721 /* Debug */,
				BA53331C2BB5DE2D0040E721 /* Release */,
			);
			defaultConfigurationIsVisible = 0;
			defaultConfigurationName = Release;
		};
		BA53331D2BB5DE2D0040E721 /* Build configuration list for PBXNativeTarget "ReduxTests" */ = {
			isa = XCConfigurationList;
			buildConfigurations = (
				BA53331E2BB5DE2D0040E721 /* Debug */,
				BA53331F2BB5DE2D0040E721 /* Release */,
			);
			defaultConfigurationIsVisible = 0;
			defaultConfigurationName = Release;
		};
		BA5333202BB5DE2D0040E721 /* Build configuration list for PBXNativeTarget "ReduxUITests" */ = {
			isa = XCConfigurationList;
			buildConfigurations = (
				BA5333212BB5DE2D0040E721 /* Debug */,
				BA5333222BB5DE2D0040E721 /* Release */,
			);
			defaultConfigurationIsVisible = 0;
			defaultConfigurationName = Release;
		};
/* End XCConfigurationList section */
	};
	rootObject = BA5332ED2BB5DE2C0040E721 /* Project object */;
}
